Microsoft Visual Studio Solution File, Format Version 12.00
# Visual Studio Version 17
VisualStudioVersion = 17.5.2.0
MinimumVisualStudioVersion = 10.0.40219.1
Project("{FAE04EC0-301F-11D3-BF4B-00C04F79EFBC}") = "HL7Helper", "HL7Helper\HL7Helper.csproj", "{0791B782-C7FA-70A2-AC13-631AEAFE999E}"
EndProject
Global
	GlobalSection(SolutionConfigurationPlatforms) = preSolution
		Debug|Any CPU = Debug|Any CPU
		Release|Any CPU = Release|Any CPU
	EndGlobalSection
	GlobalSection(ProjectConfigurationPlatforms) = postSolution
		{0791B782-C7FA-70A2-AC13-631AEAFE999E}.Debug|Any CPU.ActiveCfg = Debug|Any CPU
		{0791B782-C7FA-70A2-AC13-631AEAFE999E}.Debug|Any CPU.Build.0 = Debug|Any CPU
		{0791B782-C7FA-70A2-AC13-631AEAFE999E}.Release|Any CPU.ActiveCfg = Release|Any CPU
		{0791B782-C7FA-70A2-AC13-631AEAFE999E}.Release|Any CPU.Build.0 = Release|Any CPU
	EndGlobalSection
	GlobalSection(SolutionProperties) = preSolution
		HideSolutionNode = FALSE
	EndGlobalSection
	GlobalSection(ExtensibilityGlobals) = postSolution
		SolutionGuid = {AD106929-8DA3-433D-97CA-74B9FCEA9B96}
	EndGlobalSection
EndGlobal
