
Microsoft Visual Studio Solution File, Format Version 12.00
# Visual Studio Version 17
VisualStudioVersion = 17.0.31903.59
MinimumVisualStudioVersion = 10.0.40219.1
Project("{FAE04EC0-301F-11D3-BF4B-00C04F79EFBC}") = "HL7Helper", "HL7Helper.csproj", "{F4BB7462-E92E-43CA-A801-E1E2C28D4B2E}"
EndProject
Project("{FAE04EC0-301F-11D3-BF4B-00C04F79EFBC}") = "HL7Helper.Tests", "HL7Helper.Tests\HL7Helper.Tests.csproj", "{78F0125D-FE3C-4975-A251-E0DD709EA90D}"
EndProject
Global
	GlobalSection(SolutionConfigurationPlatforms) = preSolution
		Debug|Any CPU = Debug|Any CPU
		Release|Any CPU = Release|Any CPU
	EndGlobalSection
	GlobalSection(SolutionProperties) = preSolution
		HideSolutionNode = FALSE
	EndGlobalSection
	GlobalSection(ProjectConfigurationPlatforms) = postSolution
		{F4BB7462-E92E-43CA-A801-E1E2C28D4B2E}.Debug|Any CPU.ActiveCfg = Debug|Any CPU
		{F4BB7462-E92E-43CA-A801-E1E2C28D4B2E}.Debug|Any CPU.Build.0 = Debug|Any CPU
		{F4BB7462-E92E-43CA-A801-E1E2C28D4B2E}.Release|Any CPU.ActiveCfg = Release|Any CPU
		{F4BB7462-E92E-43CA-A801-E1E2C28D4B2E}.Release|Any CPU.Build.0 = Release|Any CPU
		{78F0125D-FE3C-4975-A251-E0DD709EA90D}.Debug|Any CPU.ActiveCfg = Debug|Any CPU
		{78F0125D-FE3C-4975-A251-E0DD709EA90D}.Debug|Any CPU.Build.0 = Debug|Any CPU
		{78F0125D-FE3C-4975-A251-E0DD709EA90D}.Release|Any CPU.ActiveCfg = Release|Any CPU
		{78F0125D-FE3C-4975-A251-E0DD709EA90D}.Release|Any CPU.Build.0 = Release|Any CPU
	EndGlobalSection
EndGlobal
